
Microsoft Visual Studio Solution File, Format Version 12.00
# Visual Studio 15
VisualStudioVersion = 15.0.28307.645
MinimumVisualStudioVersion = 10.0.40219.1
Project("{FAE04EC0-301F-11D3-BF4B-00C04F79EFBC}") = "UnitTest", "UnitTest\UnitTest.csproj", "{75C8C800-16A2-4939-BFF9-9F602CF002B7}"
EndProject
Project("{FAE04EC0-301F-11D3-BF4B-00C04F79EFBC}") = "UnitTestSetParameter", "UnitTestSetParameter\UnitTestSetParameter.csproj", "{B3CA1BDE-BFC3-4F03-8039-A6DA64C53192}"
EndProject
Project("{FAE04EC0-301F-11D3-BF4B-00C04F79EFBC}") = "UnitTestGetParameter", "UnitTestGetParameter\UnitTestGetParameter.csproj", "{D442F447-7994-4892-9BD2-3CAC9454D50C}"
EndProject
Project("{FAE04EC0-301F-11D3-BF4B-00C04F79EFBC}") = "UnitTestFieldSchedule", "UnitTestFieldSchedule\UnitTestFieldSchedule.csproj", "{94E47E8A-DFD0-43FD-9A74-92242C2C7C74}"
EndProject
Project("{FAE04EC0-301F-11D3-BF4B-00C04F79EFBC}") = "UnitTestWPF", "UnitTestWPF\UnitTestWPF.csproj", "{D24D7896-4F59-43CB-9D25-3C80E1EB9700}"
EndProject
Project("{FAE04EC0-301F-11D3-BF4B-00C04F79EFBC}") = "WpfApp1", "WpfApp1\WpfApp1.csproj", "{35742556-17C2-497E-8CB4-4156945CE11A}"
EndProject
Project("{FAE04EC0-301F-11D3-BF4B-00C04F79EFBC}") = "WpfApp2", "WpfApp2\WpfApp2.csproj", "{8EFB87A4-939A-488D-9F74-27F1A9C3CC27}"
EndProject
Project("{FAE04EC0-301F-11D3-BF4B-00C04F79EFBC}") = "ConsoleApp1", "ConsoleApp1\ConsoleApp1.csproj", "{D17D0D26-BC8B-4A4D-8D92-D1001BFFFFBB}"
EndProject
Project("{FAE04EC0-301F-11D3-BF4B-00C04F79EFBC}") = "UnitTestExportExcel", "UnitTestExportExcel\UnitTestExportExcel.csproj", "{6F266F70-4CF4-4A75-A634-1F5F22D8F519}"
EndProject
Project("{FAE04EC0-301F-11D3-BF4B-00C04F79EFBC}") = "ReadExcel", "ReadExcel\ReadExcel.csproj", "{A45684CA-684D-4000-B88B-7C5A213310E5}"
EndProject
Project("{FAE04EC0-301F-11D3-BF4B-00C04F79EFBC}") = "GroupUnitTest", "GroupUnitTest\GroupUnitTest.csproj", "{0D4D8212-D60E-4FD6-8269-6205A3E6352F}"
EndProject
Project("{FAE04EC0-301F-11D3-BF4B-00C04F79EFBC}") = "Common", "Common\Common.csproj", "{5EA88C7F-4CEE-44AC-A9C9-972900A47173}"
EndProject
Project("{FAE04EC0-301F-11D3-BF4B-00C04F79EFBC}") = "Units", "Units\Units.csproj", "{E9B6AA41-4E33-4185-B6A7-8F6D1B525444}"
EndProject
Global
	GlobalSection(SolutionConfigurationPlatforms) = preSolution
		Debug|Any CPU = Debug|Any CPU
		Debug|x64 = Debug|x64
		Release|Any CPU = Release|Any CPU
		Release|x64 = Release|x64
	EndGlobalSection
	GlobalSection(ProjectConfigurationPlatforms) = postSolution
		{75C8C800-16A2-4939-BFF9-9F602CF002B7}.Debug|Any CPU.ActiveCfg = Debug|Any CPU
		{75C8C800-16A2-4939-BFF9-9F602CF002B7}.Debug|Any CPU.Build.0 = Debug|Any CPU
		{75C8C800-16A2-4939-BFF9-9F602CF002B7}.Debug|x64.ActiveCfg = Debug|x64
		{75C8C800-16A2-4939-BFF9-9F602CF002B7}.Debug|x64.Build.0 = Debug|x64
		{75C8C800-16A2-4939-BFF9-9F602CF002B7}.Release|Any CPU.ActiveCfg = Release|Any CPU
		{75C8C800-16A2-4939-BFF9-9F602CF002B7}.Release|Any CPU.Build.0 = Release|Any CPU
		{75C8C800-16A2-4939-BFF9-9F602CF002B7}.Release|x64.ActiveCfg = Release|x64
		{75C8C800-16A2-4939-BFF9-9F602CF002B7}.Release|x64.Build.0 = Release|x64
		{B3CA1BDE-BFC3-4F03-8039-A6DA64C53192}.Debug|Any CPU.ActiveCfg = Debug|Any CPU
		{B3CA1BDE-BFC3-4F03-8039-A6DA64C53192}.Debug|Any CPU.Build.0 = Debug|Any CPU
		{B3CA1BDE-BFC3-4F03-8039-A6DA64C53192}.Debug|x64.ActiveCfg = Debug|Any CPU
		{B3CA1BDE-BFC3-4F03-8039-A6DA64C53192}.Debug|x64.Build.0 = Debug|Any CPU
		{B3CA1BDE-BFC3-4F03-8039-A6DA64C53192}.Release|Any CPU.ActiveCfg = Release|Any CPU
		{B3CA1BDE-BFC3-4F03-8039-A6DA64C53192}.Release|Any CPU.Build.0 = Release|Any CPU
		{B3CA1BDE-BFC3-4F03-8039-A6DA64C53192}.Release|x64.ActiveCfg = Release|Any CPU
		{B3CA1BDE-BFC3-4F03-8039-A6DA64C53192}.Release|x64.Build.0 = Release|Any CPU
		{D442F447-7994-4892-9BD2-3CAC9454D50C}.Debug|Any CPU.ActiveCfg = Debug|Any CPU
		{D442F447-7994-4892-9BD2-3CAC9454D50C}.Debug|Any CPU.Build.0 = Debug|Any CPU
		{D442F447-7994-4892-9BD2-3CAC9454D50C}.Debug|x64.ActiveCfg = Debug|Any CPU
		{D442F447-7994-4892-9BD2-3CAC9454D50C}.Debug|x64.Build.0 = Debug|Any CPU
		{D442F447-7994-4892-9BD2-3CAC9454D50C}.Release|Any CPU.ActiveCfg = Release|Any CPU
		{D442F447-7994-4892-9BD2-3CAC9454D50C}.Release|Any CPU.Build.0 = Release|Any CPU
		{D442F447-7994-4892-9BD2-3CAC9454D50C}.Release|x64.ActiveCfg = Release|Any CPU
		{D442F447-7994-4892-9BD2-3CAC9454D50C}.Release|x64.Build.0 = Release|Any CPU
		{94E47E8A-DFD0-43FD-9A74-92242C2C7C74}.Debug|Any CPU.ActiveCfg = Debug|Any CPU
		{94E47E8A-DFD0-43FD-9A74-92242C2C7C74}.Debug|Any CPU.Build.0 = Debug|Any CPU
		{94E47E8A-DFD0-43FD-9A74-92242C2C7C74}.Debug|x64.ActiveCfg = Debug|Any CPU
		{94E47E8A-DFD0-43FD-9A74-92242C2C7C74}.Debug|x64.Build.0 = Debug|Any CPU
		{94E47E8A-DFD0-43FD-9A74-92242C2C7C74}.Release|Any CPU.ActiveCfg = Release|Any CPU
		{94E47E8A-DFD0-43FD-9A74-92242C2C7C74}.Release|Any CPU.Build.0 = Release|Any CPU
		{94E47E8A-DFD0-43FD-9A74-92242C2C7C74}.Release|x64.ActiveCfg = Release|Any CPU
		{94E47E8A-DFD0-43FD-9A74-92242C2C7C74}.Release|x64.Build.0 = Release|Any CPU
		{D24D7896-4F59-43CB-9D25-3C80E1EB9700}.Debug|Any CPU.ActiveCfg = Debug|Any CPU
		{D24D7896-4F59-43CB-9D25-3C80E1EB9700}.Debug|Any CPU.Build.0 = Debug|Any CPU
		{D24D7896-4F59-43CB-9D25-3C80E1EB9700}.Debug|x64.ActiveCfg = Debug|Any CPU
		{D24D7896-4F59-43CB-9D25-3C80E1EB9700}.Debug|x64.Build.0 = Debug|Any CPU
		{D24D7896-4F59-43CB-9D25-3C80E1EB9700}.Release|Any CPU.ActiveCfg = Release|Any CPU
		{D24D7896-4F59-43CB-9D25-3C80E1EB9700}.Release|Any CPU.Build.0 = Release|Any CPU
		{D24D7896-4F59-43CB-9D25-3C80E1EB9700}.Release|x64.ActiveCfg = Release|Any CPU
		{D24D7896-4F59-43CB-9D25-3C80E1EB9700}.Release|x64.Build.0 = Release|Any CPU
		{35742556-17C2-497E-8CB4-4156945CE11A}.Debug|Any CPU.ActiveCfg = Debug|Any CPU
		{35742556-17C2-497E-8CB4-4156945CE11A}.Debug|Any CPU.Build.0 = Debug|Any CPU
		{35742556-17C2-497E-8CB4-4156945CE11A}.Debug|x64.ActiveCfg = Debug|Any CPU
		{35742556-17C2-497E-8CB4-4156945CE11A}.Debug|x64.Build.0 = Debug|Any CPU
		{35742556-17C2-497E-8CB4-4156945CE11A}.Release|Any CPU.ActiveCfg = Release|Any CPU
		{35742556-17C2-497E-8CB4-4156945CE11A}.Release|Any CPU.Build.0 = Release|Any CPU
		{35742556-17C2-497E-8CB4-4156945CE11A}.Release|x64.ActiveCfg = Release|Any CPU
		{35742556-17C2-497E-8CB4-4156945CE11A}.Release|x64.Build.0 = Release|Any CPU
		{8EFB87A4-939A-488D-9F74-27F1A9C3CC27}.Debug|Any CPU.ActiveCfg = Debug|Any CPU
		{8EFB87A4-939A-488D-9F74-27F1A9C3CC27}.Debug|Any CPU.Build.0 = Debug|Any CPU
		{8EFB87A4-939A-488D-9F74-27F1A9C3CC27}.Debug|x64.ActiveCfg = Debug|Any CPU
		{8EFB87A4-939A-488D-9F74-27F1A9C3CC27}.Debug|x64.Build.0 = Debug|Any CPU
		{8EFB87A4-939A-488D-9F74-27F1A9C3CC27}.Release|Any CPU.ActiveCfg = Release|Any CPU
		{8EFB87A4-939A-488D-9F74-27F1A9C3CC27}.Release|Any CPU.Build.0 = Release|Any CPU
		{8EFB87A4-939A-488D-9F74-27F1A9C3CC27}.Release|x64.ActiveCfg = Release|Any CPU
		{8EFB87A4-939A-488D-9F74-27F1A9C3CC27}.Release|x64.Build.0 = Release|Any CPU
		{D17D0D26-BC8B-4A4D-8D92-D1001BFFFFBB}.Debug|Any CPU.ActiveCfg = Debug|Any CPU
		{D17D0D26-BC8B-4A4D-8D92-D1001BFFFFBB}.Debug|Any CPU.Build.0 = Debug|Any CPU
		{D17D0D26-BC8B-4A4D-8D92-D1001BFFFFBB}.Debug|x64.ActiveCfg = Debug|Any CPU
		{D17D0D26-BC8B-4A4D-8D92-D1001BFFFFBB}.Debug|x64.Build.0 = Debug|Any CPU
		{D17D0D26-BC8B-4A4D-8D92-D1001BFFFFBB}.Release|Any CPU.ActiveCfg = Release|Any CPU
		{D17D0D26-BC8B-4A4D-8D92-D1001BFFFFBB}.Release|Any CPU.Build.0 = Release|Any CPU
		{D17D0D26-BC8B-4A4D-8D92-D1001BFFFFBB}.Release|x64.ActiveCfg = Release|Any CPU
		{D17D0D26-BC8B-4A4D-8D92-D1001BFFFFBB}.Release|x64.Build.0 = Release|Any CPU
		{6F266F70-4CF4-4A75-A634-1F5F22D8F519}.Debug|Any CPU.ActiveCfg = Debug|Any CPU
		{6F266F70-4CF4-4A75-A634-1F5F22D8F519}.Debug|Any CPU.Build.0 = Debug|Any CPU
		{6F266F70-4CF4-4A75-A634-1F5F22D8F519}.Debug|x64.ActiveCfg = Debug|Any CPU
		{6F266F70-4CF4-4A75-A634-1F5F22D8F519}.Debug|x64.Build.0 = Debug|Any CPU
		{6F266F70-4CF4-4A75-A634-1F5F22D8F519}.Release|Any CPU.ActiveCfg = Release|Any CPU
		{6F266F70-4CF4-4A75-A634-1F5F22D8F519}.Release|Any CPU.Build.0 = Release|Any CPU
		{6F266F70-4CF4-4A75-A634-1F5F22D8F519}.Release|x64.ActiveCfg = Release|Any CPU
		{6F266F70-4CF4-4A75-A634-1F5F22D8F519}.Release|x64.Build.0 = Release|Any CPU
		{A45684CA-684D-4000-B88B-7C5A213310E5}.Debug|Any CPU.ActiveCfg = Debug|Any CPU
		{A45684CA-684D-4000-B88B-7C5A213310E5}.Debug|Any CPU.Build.0 = Debug|Any CPU
		{A45684CA-684D-4000-B88B-7C5A213310E5}.Debug|x64.ActiveCfg = Debug|Any CPU
		{A45684CA-684D-4000-B88B-7C5A213310E5}.Debug|x64.Build.0 = Debug|Any CPU
		{A45684CA-684D-4000-B88B-7C5A213310E5}.Release|Any CPU.ActiveCfg = Release|Any CPU
		{A45684CA-684D-4000-B88B-7C5A213310E5}.Release|Any CPU.Build.0 = Release|Any CPU
		{A45684CA-684D-4000-B88B-7C5A213310E5}.Release|x64.ActiveCfg = Release|Any CPU
		{A45684CA-684D-4000-B88B-7C5A213310E5}.Release|x64.Build.0 = Release|Any CPU
		{0D4D8212-D60E-4FD6-8269-6205A3E6352F}.Debug|Any CPU.ActiveCfg = Debug|Any CPU
		{0D4D8212-D60E-4FD6-8269-6205A3E6352F}.Debug|Any CPU.Build.0 = Debug|Any CPU
		{0D4D8212-D60E-4FD6-8269-6205A3E6352F}.Debug|x64.ActiveCfg = Debug|Any CPU
		{0D4D8212-D60E-4FD6-8269-6205A3E6352F}.Debug|x64.Build.0 = Debug|Any CPU
		{0D4D8212-D60E-4FD6-8269-6205A3E6352F}.Release|Any CPU.ActiveCfg = Release|Any CPU
		{0D4D8212-D60E-4FD6-8269-6205A3E6352F}.Release|Any CPU.Build.0 = Release|Any CPU
		{0D4D8212-D60E-4FD6-8269-6205A3E6352F}.Release|x64.ActiveCfg = Release|Any CPU
		{0D4D8212-D60E-4FD6-8269-6205A3E6352F}.Release|x64.Build.0 = Release|Any CPU
		{5EA88C7F-4CEE-44AC-A9C9-972900A47173}.Debug|Any CPU.ActiveCfg = Debug|Any CPU
		{5EA88C7F-4CEE-44AC-A9C9-972900A47173}.Debug|Any CPU.Build.0 = Debug|Any CPU
		{5EA88C7F-4CEE-44AC-A9C9-972900A47173}.Debug|x64.ActiveCfg = Debug|Any CPU
		{5EA88C7F-4CEE-44AC-A9C9-972900A47173}.Debug|x64.Build.0 = Debug|Any CPU
		{5EA88C7F-4CEE-44AC-A9C9-972900A47173}.Release|Any CPU.ActiveCfg = Release|Any CPU
		{5EA88C7F-4CEE-44AC-A9C9-972900A47173}.Release|Any CPU.Build.0 = Release|Any CPU
		{5EA88C7F-4CEE-44AC-A9C9-972900A47173}.Release|x64.ActiveCfg = Release|Any CPU
		{5EA88C7F-4CEE-44AC-A9C9-972900A47173}.Release|x64.Build.0 = Release|Any CPU
		{E9B6AA41-4E33-4185-B6A7-8F6D1B525444}.Debug|Any CPU.ActiveCfg = Debug|Any CPU
		{E9B6AA41-4E33-4185-B6A7-8F6D1B525444}.Debug|Any CPU.Build.0 = Debug|Any CPU
		{E9B6AA41-4E33-4185-B6A7-8F6D1B525444}.Debug|x64.ActiveCfg = Debug|Any CPU
		{E9B6AA41-4E33-4185-B6A7-8F6D1B525444}.Debug|x64.Build.0 = Debug|Any CPU
		{E9B6AA41-4E33-4185-B6A7-8F6D1B525444}.Release|Any CPU.ActiveCfg = Release|Any CPU
		{E9B6AA41-4E33-4185-B6A7-8F6D1B525444}.Release|Any CPU.Build.0 = Release|Any CPU
		{E9B6AA41-4E33-4185-B6A7-8F6D1B525444}.Release|x64.ActiveCfg = Release|Any CPU
		{E9B6AA41-4E33-4185-B6A7-8F6D1B525444}.Release|x64.Build.0 = Release|Any CPU
	EndGlobalSection
	GlobalSection(SolutionProperties) = preSolution
		HideSolutionNode = FALSE
	EndGlobalSection
	GlobalSection(ExtensibilityGlobals) = postSolution
		SolutionGuid = {19B09095-71FE-4625-BD4D-29346B9A2F41}
	EndGlobalSection
EndGlobal
